// !$*UTF8*$!
{
	archiveVersion = 1;
	classes = {
	};
	objectVersion = 56;
	objects = {

/* Begin PBXBuildFile section */
		756239D22AB3028E00A77C9E /* AppDelegate.swift in Sources */ = {isa = PBXBuildFile; fileRef = 756239D12AB3028E00A77C9E /* AppDelegate.swift */; };
		756239D42AB3028E00A77C9E /* SceneDelegate.swift in Sources */ = {isa = PBXBuildFile; fileRef = 756239D32AB3028E00A77C9E /* SceneDelegate.swift */; };
		756239D62AB3028E00A77C9E /* PokemonListViewController.swift in Sources */ = {isa = PBXBuildFile; fileRef = 756239D52AB3028E00A77C9E /* PokemonListViewController.swift */; };
		756239D92AB3028E00A77C9E /* Main.storyboard in Resources */ = {isa = PBXBuildFile; fileRef = 756239D72AB3028E00A77C9E /* Main.storyboard */; };
		756239DB2AB3029000A77C9E /* Assets.xcassets in Resources */ = {isa = PBXBuildFile; fileRef = 756239DA2AB3029000A77C9E /* Assets.xcassets */; };
		756239DE2AB3029000A77C9E /* LaunchScreen.storyboard in Resources */ = {isa = PBXBuildFile; fileRef = 756239DC2AB3029000A77C9E /* LaunchScreen.storyboard */; };
		756239E62AB305DF00A77C9E /* PokemonManager.swift in Sources */ = {isa = PBXBuildFile; fileRef = 756239E52AB305DF00A77C9E /* PokemonManager.swift */; };
		756239E82AB309A000A77C9E /* PokemonDates.swift in Sources */ = {isa = PBXBuildFile; fileRef = 756239E72AB309A000A77C9E /* PokemonDates.swift */; };
		756239EB2AB318CF00A77C9E /* PokemonCellTableViewCell.swift in Sources */ = {isa = PBXBuildFile; fileRef = 756239E92AB318CF00A77C9E /* PokemonCellTableViewCell.swift */; };
		756239EC2AB318CF00A77C9E /* PokemonCellTableViewCell.xib in Resources */ = {isa = PBXBuildFile; fileRef = 756239EA2AB318CF00A77C9E /* PokemonCellTableViewCell.xib */; };
		756239EF2AB350BB00A77C9E /* PokemonDetailViewController.swift in Sources */ = {isa = PBXBuildFile; fileRef = 756239ED2AB350BB00A77C9E /* PokemonDetailViewController.swift */; };
/* End PBXBuildFile section */

/* Begin PBXFileReference section */
		756239CE2AB3028E00A77C9E /* Pokedex_v2.app */ = {isa = PBXFileReference; explicitFileType = wrapper.application; includeInIndex = 0; path = Pokedex_v2.app; sourceTree = BUILT_PRODUCTS_DIR; };
		756239D12AB3028E00A77C9E /* AppDelegate.swift */ = {isa = PBXFileReference; lastKnownFileType = sourcecode.swift; path = AppDelegate.swift; sourceTree = "<group>"; };
		756239D32AB3028E00A77C9E /* SceneDelegate.swift */ = {isa = PBXFileReference; lastKnownFileType = sourcecode.swift; path = SceneDelegate.swift; sourceTree = "<group>"; };
		756239D52AB3028E00A77C9E /* PokemonListViewController.swift */ = {isa = PBXFileReference; lastKnownFileType = sourcecode.swift; path = PokemonListViewController.swift; sourceTree = "<group>"; };
		756239D82AB3028E00A77C9E /* Base */ = {isa = PBXFileReference; lastKnownFileType = file.storyboard; name = Base; path = Base.lproj/Main.storyboard; sourceTree = "<group>"; };
		756239DA2AB3029000A77C9E /* Assets.xcassets */ = {isa = PBXFileReference; lastKnownFileType = folder.assetcatalog; path = Assets.xcassets; sourceTree = "<group>"; };
		756239DD2AB3029000A77C9E /* Base */ = {isa = PBXFileReference; lastKnownFileType = file.storyboard; name = Base; path = Base.lproj/LaunchScreen.storyboard; sourceTree = "<group>"; };
		756239DF2AB3029000A77C9E /* Info.plist */ = {isa = PBXFileReference; lastKnownFileType = text.plist.xml; path = Info.plist; sourceTree = "<group>"; };
		756239E52AB305DF00A77C9E /* PokemonManager.swift */ = {isa = PBXFileReference; lastKnownFileType = sourcecode.swift; path = PokemonManager.swift; sourceTree = "<group>"; };
		756239E72AB309A000A77C9E /* PokemonDates.swift */ = {isa = PBXFileReference; lastKnownFileType = sourcecode.swift; path = PokemonDates.swift; sourceTree = "<group>"; };
		756239E92AB318CF00A77C9E /* PokemonCellTableViewCell.swift */ = {isa = PBXFileReference; lastKnownFileType = sourcecode.swift; path = PokemonCellTableViewCell.swift; sourceTree = "<group>"; };
		756239EA2AB318CF00A77C9E /* PokemonCellTableViewCell.xib */ = {isa = PBXFileReference; lastKnownFileType = file.xib; path = PokemonCellTableViewCell.xib; sourceTree = "<group>"; };
		756239ED2AB350BB00A77C9E /* PokemonDetailViewController.swift */ = {isa = PBXFileReference; lastKnownFileType = sourcecode.swift; path = PokemonDetailViewController.swift; sourceTree = "<group>"; };
/* End PBXFileReference section */

/* Begin PBXFrameworksBuildPhase section */
		756239CB2AB3028E00A77C9E /* Frameworks */ = {
			isa = PBXFrameworksBuildPhase;
			buildActionMask = 2147483647;
			files = (
			);
			runOnlyForDeploymentPostprocessing = 0;
		};
/* End PBXFrameworksBuildPhase section */

/* Begin PBXGroup section */
		756093C32AB43E90005A99EC /* App */ = {
			isa = PBXGroup;
			children = (
				756239D12AB3028E00A77C9E /* AppDelegate.swift */,
				756239D32AB3028E00A77C9E /* SceneDelegate.swift */,
			);
			path = App;
			sourceTree = "<group>";
		};
		756093C42AB43EAB005A99EC /* Resources */ = {
			isa = PBXGroup;
			children = (
				756239DA2AB3029000A77C9E /* Assets.xcassets */,
				756239DC2AB3029000A77C9E /* LaunchScreen.storyboard */,
			);
			path = Resources;
			sourceTree = "<group>";
		};
		756093C52AB43EBC005A99EC /* Source */ = {
			isa = PBXGroup;
			children = (
				756093C62AB43ED6005A99EC /* Model */,
				756093C72AB43F14005A99EC /* View */,
				756093C82AB43F30005A99EC /* Controller */,
			);
			path = Source;
			sourceTree = "<group>";
		};
		756093C62AB43ED6005A99EC /* Model */ = {
			isa = PBXGroup;
			children = (
				756239E52AB305DF00A77C9E /* PokemonManager.swift */,
				756239E72AB309A000A77C9E /* PokemonDates.swift */,
			);
			path = Model;
			sourceTree = "<group>";
		};
		756093C72AB43F14005A99EC /* View */ = {
			isa = PBXGroup;
			children = (
				756239D72AB3028E00A77C9E /* Main.storyboard */,
				756239EA2AB318CF00A77C9E /* PokemonCellTableViewCell.xib */,
			);
			path = View;
			sourceTree = "<group>";
		};
		756093C82AB43F30005A99EC /* Controller */ = {
			isa = PBXGroup;
			children = (
				756239D52AB3028E00A77C9E /* PokemonListViewController.swift */,
				756239ED2AB350BB00A77C9E /* PokemonDetailViewController.swift */,
				756239E92AB318CF00A77C9E /* PokemonCellTableViewCell.swift */,
			);
			path = Controller;
			sourceTree = "<group>";
		};
		756239C52AB3028E00A77C9E = {
			isa = PBXGroup;
			children = (
				756239D02AB3028E00A77C9E /* Pokedex_v2 */,
				756239CF2AB3028E00A77C9E /* Products */,
			);
			sourceTree = "<group>";
		};
		756239CF2AB3028E00A77C9E /* Products */ = {
			isa = PBXGroup;
			children = (
				756239CE2AB3028E00A77C9E /* Pokedex_v2.app */,
			);
			name = Products;
			sourceTree = "<group>";
		};
		756239D02AB3028E00A77C9E /* Pokedex_v2 */ = {
			isa = PBXGroup;
			children = (
				756093C32AB43E90005A99EC /* App */,
				756093C42AB43EAB005A99EC /* Resources */,
				756093C52AB43EBC005A99EC /* Source */,
				756239DF2AB3029000A77C9E /* Info.plist */,
			);
			path = Pokedex_v2;
			sourceTree = "<group>";
		};
/* End PBXGroup section */

/* Begin PBXNativeTarget section */
		756239CD2AB3028E00A77C9E /* Pokedex_v2 */ = {
			isa = PBXNativeTarget;
			buildConfigurationList = 756239E22AB3029000A77C9E /* Build configuration list for PBXNativeTarget "Pokedex_v2" */;
			buildPhases = (
				756239CA2AB3028E00A77C9E /* Sources */,
				756239CB2AB3028E00A77C9E /* Frameworks */,
				756239CC2AB3028E00A77C9E /* Resources */,
			);
			buildRules = (
			);
			dependencies = (
			);
			name = Pokedex_v2;
			productName = Pokedex_v2;
			productReference = 756239CE2AB3028E00A77C9E /* Pokedex_v2.app */;
			productType = "com.apple.product-type.application";
		};
/* End PBXNativeTarget section */

/* Begin PBXProject section */
		756239C62AB3028E00A77C9E /* Project object */ = {
			isa = PBXProject;
			attributes = {
				BuildIndependentTargetsInParallel = 1;
				LastSwiftUpdateCheck = 1430;
				LastUpgradeCheck = 1430;
				TargetAttributes = {
					756239CD2AB3028E00A77C9E = {
						CreatedOnToolsVersion = 14.3.1;
					};
				};
			};
			buildConfigurationList = 756239C92AB3028E00A77C9E /* Build configuration list for PBXProject "Pokedex_v2" */;
			compatibilityVersion = "Xcode 14.0";
			developmentRegion = en;
			hasScannedForEncodings = 0;
			knownRegions = (
				en,
				Base,
			);
			mainGroup = 756239C52AB3028E00A77C9E;
			productRefGroup = 756239CF2AB3028E00A77C9E /* Products */;
			projectDirPath = "";
			projectRoot = "";
			targets = (
				756239CD2AB3028E00A77C9E /* Pokedex_v2 */,
			);
		};
/* End PBXProject section */

/* Begin PBXResourcesBuildPhase section */
		756239CC2AB3028E00A77C9E /* Resources */ = {
			isa = PBXResourcesBuildPhase;
			buildActionMask = 2147483647;
			files = (
				756239DE2AB3029000A77C9E /* LaunchScreen.storyboard in Resources */,
				756239EC2AB318CF00A77C9E /* PokemonCellTableViewCell.xib in Resources */,
				756239DB2AB3029000A77C9E /* Assets.xcassets in Resources */,
				756239D92AB3028E00A77C9E /* Main.storyboard in Resources */,
			);
			runOnlyForDeploymentPostprocessing = 0;
		};
/* End PBXResourcesBuildPhase section */

/* Begin PBXSourcesBuildPhase section */
		756239CA2AB3028E00A77C9E /* Sources */ = {
			isa = PBXSourcesBuildPhase;
			buildActionMask = 2147483647;
			files = (
				756239D62AB3028E00A77C9E /* PokemonListViewController.swift in Sources */,
				756239D22AB3028E00A77C9E /* AppDelegate.swift in Sources */,
				756239EF2AB350BB00A77C9E /* PokemonDetailViewController.swift in Sources */,
				756239E82AB309A000A77C9E /* PokemonDates.swift in Sources */,
				756239EB2AB318CF00A77C9E /* PokemonCellTableViewCell.swift in Sources */,
				756239D42AB3028E00A77C9E /* SceneDelegate.swift in Sources */,
				756239E62AB305DF00A77C9E /* PokemonManager.swift in Sources */,
			);
			runOnlyForDeploymentPostprocessing = 0;
		};
/* End PBXSourcesBuildPhase section */

/* Begin PBXVariantGroup section */
		756239D72AB3028E00A77C9E /* Main.storyboard */ = {
			isa = PBXVariantGroup;
			children = (
				756239D82AB3028E00A77C9E /* Base */,
			);
			name = Main.storyboard;
			sourceTree = "<group>";
		};
		756239DC2AB3029000A77C9E /* LaunchScreen.storyboard */ = {
			isa = PBXVariantGroup;
			children = (
				756239DD2AB3029000A77C9E /* Base */,
			);
			name = LaunchScreen.storyboard;
			sourceTree = "<group>";
		};
/* End PBXVariantGroup section */

/* Begin XCBuildConfiguration section */
		756239E02AB3029000A77C9E /* Debug */ = {
			isa = XCBuildConfiguration;
			buildSettings = {
				ALWAYS_SEARCH_USER_PATHS = NO;
				CLANG_ANALYZER_NONNULL = YES;
				CLANG_ANALYZER_NUMBER_OBJECT_CONVERSION = YES_AGGRESSIVE;
				CLANG_CXX_LANGUAGE_STANDARD = "gnu++20";
				CLANG_ENABLE_MODULES = YES;
				CLANG_ENABLE_OBJC_ARC = YES;
				CLANG_ENABLE_OBJC_WEAK = YES;
				CLANG_WARN_BLOCK_CAPTURE_AUTORELEASING = YES;
				CLANG_WARN_BOOL_CONVERSION = YES;
				CLANG_WARN_COMMA = YES;
				CLANG_WARN_CONSTANT_CONVERSION = YES;
				CLANG_WARN_DEPRECATED_OBJC_IMPLEMENTATIONS = YES;
				CLANG_WARN_DIRECT_OBJC_ISA_USAGE = YES_ERROR;
				CLANG_WARN_DOCUMENTATION_COMMENTS = YES;
				CLANG_WARN_EMPTY_BODY = YES;
				CLANG_WARN_ENUM_CONVERSION = YES;
				CLANG_WARN_INFINITE_RECURSION = YES;
				CLANG_WARN_INT_CONVERSION = YES;
				CLANG_WARN_NON_LITERAL_NULL_CONVERSION = YES;
				CLANG_WARN_OBJC_IMPLICIT_RETAIN_SELF = YES;
				CLANG_WARN_OBJC_LITERAL_CONVERSION = YES;
				CLANG_WARN_OBJC_ROOT_CLASS = YES_ERROR;
				CLANG_WARN_QUOTED_INCLUDE_IN_FRAMEWORK_HEADER = YES;
				CLANG_WARN_RANGE_LOOP_ANALYSIS = YES;
				CLANG_WARN_STRICT_PROTOTYPES = YES;
				CLANG_WARN_SUSPICIOUS_MOVE = YES;
				CLANG_WARN_UNGUARDED_AVAILABILITY = YES_AGGRESSIVE;
				CLANG_WARN_UNREACHABLE_CODE = YES;
				CLANG_WARN__DUPLICATE_METHOD_MATCH = YES;
				COPY_PHASE_STRIP = NO;
				DEBUG_INFORMATION_FORMAT = dwarf;
				ENABLE_STRICT_OBJC_MSGSEND = YES;
				ENABLE_TESTABILITY = YES;
				GCC_C_LANGUAGE_STANDARD = gnu11;
				GCC_DYNAMIC_NO_PIC = NO;
				GCC_NO_COMMON_BLOCKS = YES;
				GCC_OPTIMIZATION_LEVEL = 0;
				GCC_PREPROCESSOR_DEFINITIONS = (
					"DEBUG=1",
					"$(inherited)",
				);
				GCC_WARN_64_TO_32_BIT_CONVERSION = YES;
				GCC_WARN_ABOUT_RETURN_TYPE = YES_ERROR;
				GCC_WARN_UNDECLARED_SELECTOR = YES;
				GCC_WARN_UNINITIALIZED_AUTOS = YES_AGGRESSIVE;
				GCC_WARN_UNUSED_FUNCTION = YES;
				GCC_WARN_UNUSED_VARIABLE = YES;
				IPHONEOS_DEPLOYMENT_TARGET = 16.4;
				MTL_ENABLE_DEBUG_INFO = INCLUDE_SOURCE;
				MTL_FAST_MATH = YES;
				ONLY_ACTIVE_ARCH = YES;
				SDKROOT = iphoneos;
				SWIFT_ACTIVE_COMPILATION_CONDITIONS = DEBUG;
				SWIFT_OPTIMIZATION_LEVEL = "-Onone";
			};
			name = Debug;
		};
		756239E12AB3029000A77C9E /* Release */ = {
			isa = XCBuildConfiguration;
			buildSettings = {
				ALWAYS_SEARCH_USER_PATHS = NO;
				CLANG_ANALYZER_NONNULL = YES;
				CLANG_ANALYZER_NUMBER_OBJECT_CONVERSION = YES_AGGRESSIVE;
				CLANG_CXX_LANGUAGE_STANDARD = "gnu++20";
				CLANG_ENABLE_MODULES = YES;
				CLANG_ENABLE_OBJC_ARC = YES;
				CLANG_ENABLE_OBJC_WEAK = YES;
				CLANG_WARN_BLOCK_CAPTURE_AUTORELEASING = YES;
				CLANG_WARN_BOOL_CONVERSION = YES;
				CLANG_WARN_COMMA = YES;
				CLANG_WARN_CONSTANT_CONVERSION = YES;
				CLANG_WARN_DEPRECATED_OBJC_IMPLEMENTATIONS = YES;
				CLANG_WARN_DIRECT_OBJC_ISA_USAGE = YES_ERROR;
				CLANG_WARN_DOCUMENTATION_COMMENTS = YES;
				CLANG_WARN_EMPTY_BODY = YES;
				CLANG_WARN_ENUM_CONVERSION = YES;
				CLANG_WARN_INFINITE_RECURSION = YES;
				CLANG_WARN_INT_CONVERSION = YES;
				CLANG_WARN_NON_LITERAL_NULL_CONVERSION = YES;
				CLANG_WARN_OBJC_IMPLICIT_RETAIN_SELF = YES;
				CLANG_WARN_OBJC_LITERAL_CONVERSION = YES;
				CLANG_WARN_OBJC_ROOT_CLASS = YES_ERROR;
				CLANG_WARN_QUOTED_INCLUDE_IN_FRAMEWORK_HEADER = YES;
				CLANG_WARN_RANGE_LOOP_ANALYSIS = YES;
				CLANG_WARN_STRICT_PROTOTYPES = YES;
				CLANG_WARN_SUSPICIOUS_MOVE = YES;
				CLANG_WARN_UNGUARDED_AVAILABILITY = YES_AGGRESSIVE;
				CLANG_WARN_UNREACHABLE_CODE = YES;
				CLANG_WARN__DUPLICATE_METHOD_MATCH = YES;
				COPY_PHASE_STRIP = NO;
				DEBUG_INFORMATION_FORMAT = "dwarf-with-dsym";
				ENABLE_NS_ASSERTIONS = NO;
				ENABLE_STRICT_OBJC_MSGSEND = YES;
				GCC_C_LANGUAGE_STANDARD = gnu11;
				GCC_NO_COMMON_BLOCKS = YES;
				GCC_WARN_64_TO_32_BIT_CONVERSION = YES;
				GCC_WARN_ABOUT_RETURN_TYPE = YES_ERROR;
				GCC_WARN_UNDECLARED_SELECTOR = YES;
				GCC_WARN_UNINITIALIZED_AUTOS = YES_AGGRESSIVE;
				GCC_WARN_UNUSED_FUNCTION = YES;
				GCC_WARN_UNUSED_VARIABLE = YES;
				IPHONEOS_DEPLOYMENT_TARGET = 16.4;
				MTL_ENABLE_DEBUG_INFO = NO;
				MTL_FAST_MATH = YES;
				SDKROOT = iphoneos;
				SWIFT_COMPILATION_MODE = wholemodule;
				SWIFT_OPTIMIZATION_LEVEL = "-O";
				VALIDATE_PRODUCT = YES;
			};
			name = Release;
		};
		756239E32AB3029000A77C9E /* Debug */ = {
			isa = XCBuildConfiguration;
			buildSettings = {
				ASSETCATALOG_COMPILER_APPICON_NAME = AppIcon;
				ASSETCATALOG_COMPILER_GLOBAL_ACCENT_COLOR_NAME = AccentColor;
				CODE_SIGN_STYLE = Automatic;
				CURRENT_PROJECT_VERSION = 1;
				DEVELOPMENT_TEAM = QKXUJ9425T;
				GENERATE_INFOPLIST_FILE = YES;
				INFOPLIST_FILE = Pokedex_v2/Info.plist;
				INFOPLIST_KEY_UIApplicationSupportsIndirectInputEvents = YES;
				INFOPLIST_KEY_UILaunchStoryboardName = LaunchScreen;
				INFOPLIST_KEY_UIMainStoryboardFile = Main;
				INFOPLIST_KEY_UISupportedInterfaceOrientations_iPad = "UIInterfaceOrientationPortrait UIInterfaceOrientationPortraitUpsideDown UIInterfaceOrientationLandscapeLeft UIInterfaceOrientationLandscapeRight";
				INFOPLIST_KEY_UISupportedInterfaceOrientations_iPhone = "UIInterfaceOrientationPortrait UIInterfaceOrientationLandscapeLeft UIInterfaceOrientationLandscapeRight";
				LD_RUNPATH_SEARCH_PATHS = (
					"$(inherited)",
					"@executable_path/Frameworks",
				);
				MARKETING_VERSION = 1.0;
				PRODUCT_BUNDLE_IDENTIFIER = "Alerodca04.Pokedex-v2";
				PRODUCT_NAME = "$(TARGET_NAME)";
				SWIFT_EMIT_LOC_STRINGS = YES;
				SWIFT_VERSION = 5.0;
				TARGETED_DEVICE_FAMILY = "1,2";
			};
			name = Debug;
		};
		756239E42AB3029000A77C9E /* Release */ = {
			isa = XCBuildConfiguration;
			buildSettings = {
				ASSETCATALOG_COMPILER_APPICON_NAME = AppIcon;
				ASSETCATALOG_COMPILER_GLOBAL_ACCENT_COLOR_NAME = AccentColor;
				CODE_SIGN_STYLE = Automatic;
				CURRENT_PROJECT_VERSION = 1;
				DEVELOPMENT_TEAM = QKXUJ9425T;
				GENERATE_INFOPLIST_FILE = YES;
				INFOPLIST_FILE = Pokedex_v2/Info.plist;
				INFOPLIST_KEY_UIApplicationSupportsIndirectInputEvents = YES;
				INFOPLIST_KEY_UILaunchStoryboardName = LaunchScreen;
				INFOPLIST_KEY_UIMainStoryboardFile = Main;
				INFOPLIST_KEY_UISupportedInterfaceOrientations_iPad = "UIInterfaceOrientationPortrait UIInterfaceOrientationPortraitUpsideDown UIInterfaceOrientationLandscapeLeft UIInterfaceOrientationLandscapeRight";
				INFOPLIST_KEY_UISupportedInterfaceOrientations_iPhone = "UIInterfaceOrientationPortrait UIInterfaceOrientationLandscapeLeft UIInterfaceOrientationLandscapeRight";
				LD_RUNPATH_SEARCH_PATHS = (
					"$(inherited)",
					"@executable_path/Frameworks",
				);
				MARKETING_VERSION = 1.0;
				PRODUCT_BUNDLE_IDENTIFIER = "Alerodca04.Pokedex-v2";
				PRODUCT_NAME = "$(TARGET_NAME)";
				SWIFT_EMIT_LOC_STRINGS = YES;
				SWIFT_VERSION = 5.0;
				TARGETED_DEVICE_FAMILY = "1,2";
			};
			name = Release;
		};
/* End XCBuildConfiguration section */

/* Begin XCConfigurationList section */
		756239C92AB3028E00A77C9E /* Build configuration list for PBXProject "Pokedex_v2" */ = {
			isa = XCConfigurationList;
			buildConfigurations = (
				756239E02AB3029000A77C9E /* Debug */,
				756239E12AB3029000A77C9E /* Release */,
			);
			defaultConfigurationIsVisible = 0;
			defaultConfigurationName = Release;
		};
		756239E22AB3029000A77C9E /* Build configuration list for PBXNativeTarget "Pokedex_v2" */ = {
			isa = XCConfigurationList;
			buildConfigurations = (
				756239E32AB3029000A77C9E /* Debug */,
				756239E42AB3029000A77C9E /* Release */,
			);
			defaultConfigurationIsVisible = 0;
			defaultConfigurationName = Release;
		};
/* End XCConfigurationList section */
	};
	rootObject = 756239C62AB3028E00A77C9E /* Project object */;
}
